
Microsoft Visual Studio Solution File, Format Version 12.00
# Visual Studio 2012
Project("{FAE04EC0-301F-11D3-BF4B-00C04F79EFBC}") = "IPO.Common.Web.Templates.Mvc3", "IPO.Common.Web.Templates.Mvc3.csproj", "{CE849664-D1A6-4957-A8B8-A40A01F04829}"
EndProject
Global
	GlobalSection(SolutionConfigurationPlatforms) = preSolution
		Debug|Any CPU = Debug|Any CPU
		Release|Any CPU = Release|Any CPU
	EndGlobalSection
	GlobalSection(ProjectConfigurationPlatforms) = postSolution
		{CE849664-D1A6-4957-A8B8-A40A01F04829}.Debug|Any CPU.ActiveCfg = Debug|Any CPU
		{CE849664-D1A6-4957-A8B8-A40A01F04829}.Debug|Any CPU.Build.0 = Debug|Any CPU
		{CE849664-D1A6-4957-A8B8-A40A01F04829}.Release|Any CPU.ActiveCfg = Release|Any CPU
		{CE849664-D1A6-4957-A8B8-A40A01F04829}.Release|Any CPU.Build.0 = Release|Any CPU
	EndGlobalSection
	GlobalSection(SolutionProperties) = preSolution
		HideSolutionNode = FALSE
	EndGlobalSection
EndGlobal
